
Microsoft Visual Studio Solution File, Format Version 12.00
# Visual Studio Version 16
VisualStudioVersion = 16.0.31702.278
MinimumVisualStudioVersion = 10.0.40219.1
Project("{FAE04EC0-301F-11D3-BF4B-00C04F79EFBC}") = "MessageBoxExample", "MessageBoxExample\MessageBoxExample.csproj", "{CCEC05C8-801C-413B-A2F5-B4103A91AA68}"
EndProject
Global
	GlobalSection(SolutionConfigurationPlatforms) = preSolution
		Debug|Any CPU = Debug|Any CPU
		Release|Any CPU = Release|Any CPU
	EndGlobalSection
	GlobalSection(ProjectConfigurationPlatforms) = postSolution
		{CCEC05C8-801C-413B-A2F5-B4103A91AA68}.Debug|Any CPU.ActiveCfg = Debug|Any CPU
		{CCEC05C8-801C-413B-A2F5-B4103A91AA68}.Debug|Any CPU.Build.0 = Debug|Any CPU
		{CCEC05C8-801C-413B-A2F5-B4103A91AA68}.Release|Any CPU.ActiveCfg = Release|Any CPU
		{CCEC05C8-801C-413B-A2F5-B4103A91AA68}.Release|Any CPU.Build.0 = Release|Any CPU
	EndGlobalSection
	GlobalSection(SolutionProperties) = preSolution
		HideSolutionNode = FALSE
	EndGlobalSection
	GlobalSection(ExtensibilityGlobals) = postSolution
		SolutionGuid = {6B777040-AD3C-47A5-8DB8-9688C64501A3}
	EndGlobalSection
EndGlobal
