
Microsoft Visual Studio Solution File, Format Version 12.00
# Visual Studio Version 16
VisualStudioVersion = 16.0.31702.278
MinimumVisualStudioVersion = 10.0.40219.1
Project("{FAE04EC0-301F-11D3-BF4B-00C04F79EFBC}") = "Test", "Test\Test.csproj", "{E58AE515-F6AF-401C-A07D-FADEA3E46B01}"
EndProject
Project("{FAE04EC0-301F-11D3-BF4B-00C04F79EFBC}") = "TestPelda", "TestPelda\TestPelda.csproj", "{251AD1FE-54AA-4E04-B383-1DFC832FDDF7}"
EndProject
Global
	GlobalSection(SolutionConfigurationPlatforms) = preSolution
		Debug|Any CPU = Debug|Any CPU
		Release|Any CPU = Release|Any CPU
	EndGlobalSection
	GlobalSection(ProjectConfigurationPlatforms) = postSolution
		{E58AE515-F6AF-401C-A07D-FADEA3E46B01}.Debug|Any CPU.ActiveCfg = Debug|Any CPU
		{E58AE515-F6AF-401C-A07D-FADEA3E46B01}.Debug|Any CPU.Build.0 = Debug|Any CPU
		{E58AE515-F6AF-401C-A07D-FADEA3E46B01}.Release|Any CPU.ActiveCfg = Release|Any CPU
		{E58AE515-F6AF-401C-A07D-FADEA3E46B01}.Release|Any CPU.Build.0 = Release|Any CPU
		{251AD1FE-54AA-4E04-B383-1DFC832FDDF7}.Debug|Any CPU.ActiveCfg = Debug|Any CPU
		{251AD1FE-54AA-4E04-B383-1DFC832FDDF7}.Debug|Any CPU.Build.0 = Debug|Any CPU
		{251AD1FE-54AA-4E04-B383-1DFC832FDDF7}.Release|Any CPU.ActiveCfg = Release|Any CPU
		{251AD1FE-54AA-4E04-B383-1DFC832FDDF7}.Release|Any CPU.Build.0 = Release|Any CPU
	EndGlobalSection
	GlobalSection(SolutionProperties) = preSolution
		HideSolutionNode = FALSE
	EndGlobalSection
	GlobalSection(ExtensibilityGlobals) = postSolution
		SolutionGuid = {FCFAD209-0C84-4FAA-9A3E-BE1EAF86708A}
	EndGlobalSection
EndGlobal
