
Microsoft Visual Studio Solution File, Format Version 12.00
# Visual Studio Version 16
VisualStudioVersion = 16.0.31702.278
MinimumVisualStudioVersion = 10.0.40219.1
Project("{FAE04EC0-301F-11D3-BF4B-00C04F79EFBC}") = "HelloVilag", "HelloVilag\HelloVilag.csproj", "{4E86C82C-3F14-4785-BC64-3CE5960A2A2B}"
EndProject
Project("{FAE04EC0-301F-11D3-BF4B-00C04F79EFBC}") = "UserInput", "UserInput\UserInput.csproj", "{53334297-5AFD-4F9E-8003-792658F664F9}"
EndProject
Global
	GlobalSection(SolutionConfigurationPlatforms) = preSolution
		Debug|Any CPU = Debug|Any CPU
		Release|Any CPU = Release|Any CPU
	EndGlobalSection
	GlobalSection(ProjectConfigurationPlatforms) = postSolution
		{4E86C82C-3F14-4785-BC64-3CE5960A2A2B}.Debug|Any CPU.ActiveCfg = Debug|Any CPU
		{4E86C82C-3F14-4785-BC64-3CE5960A2A2B}.Debug|Any CPU.Build.0 = Debug|Any CPU
		{4E86C82C-3F14-4785-BC64-3CE5960A2A2B}.Release|Any CPU.ActiveCfg = Release|Any CPU
		{4E86C82C-3F14-4785-BC64-3CE5960A2A2B}.Release|Any CPU.Build.0 = Release|Any CPU
		{53334297-5AFD-4F9E-8003-792658F664F9}.Debug|Any CPU.ActiveCfg = Debug|Any CPU
		{53334297-5AFD-4F9E-8003-792658F664F9}.Debug|Any CPU.Build.0 = Debug|Any CPU
		{53334297-5AFD-4F9E-8003-792658F664F9}.Release|Any CPU.ActiveCfg = Release|Any CPU
		{53334297-5AFD-4F9E-8003-792658F664F9}.Release|Any CPU.Build.0 = Release|Any CPU
	EndGlobalSection
	GlobalSection(SolutionProperties) = preSolution
		HideSolutionNode = FALSE
	EndGlobalSection
	GlobalSection(ExtensibilityGlobals) = postSolution
		SolutionGuid = {FD404738-6FCD-40C9-8B7C-B5C9045D5DAC}
	EndGlobalSection
EndGlobal
